
Microsoft Visual Studio Solution File, Format Version 12.00
# Visual Studio Version 17
VisualStudioVersion = 17.5.33424.131
MinimumVisualStudioVersion = 10.0.40219.1
Project("{FAE04EC0-301F-11D3-BF4B-00C04F79EFBC}") = "JokesWebApp", "JokesWebApp.csproj", "{6360DA56-E955-4909-850D-95B29F2A848B}"
EndProject
Global
	GlobalSection(SolutionConfigurationPlatforms) = preSolution
		Debug|Any CPU = Debug|Any CPU
		Release|Any CPU = Release|Any CPU
	EndGlobalSection
	GlobalSection(ProjectConfigurationPlatforms) = postSolution
		{6360DA56-E955-4909-850D-95B29F2A848B}.Debug|Any CPU.ActiveCfg = Debug|Any CPU
		{6360DA56-E955-4909-850D-95B29F2A848B}.Debug|Any CPU.Build.0 = Debug|Any CPU
		{6360DA56-E955-4909-850D-95B29F2A848B}.Release|Any CPU.ActiveCfg = Release|Any CPU
		{6360DA56-E955-4909-850D-95B29F2A848B}.Release|Any CPU.Build.0 = Release|Any CPU
	EndGlobalSection
	GlobalSection(SolutionProperties) = preSolution
		HideSolutionNode = FALSE
	EndGlobalSection
	GlobalSection(ExtensibilityGlobals) = postSolution
		SolutionGuid = {CB40F2A6-C4FF-46BE-8075-F9101EC58D06}
	EndGlobalSection
EndGlobal
